{
    "name": "sanity-algolia",
    "version": "1.2.0",
    "lockfileVersion": 3,
    "requires": true,
    "packages": {
        "": {
            "name": "sanity-algolia",
            "version": "1.2.0",
            "license": "MIT",
            "dependencies": {
                "@sanity/client": "^6.24.1",
                "@sanity/webhook": "^4.0.4",
                "algoliasearch": "^5.17.1"
            },
            "devDependencies": {
                "typescript": "^5.7.2"
            }
        },
        "node_modules/@algolia/client-abtesting": {
            "version": "5.17.1",
            "resolved": "https://registry.npmjs.org/@algolia/client-abtesting/-/client-abtesting-5.17.1.tgz",
            "integrity": "sha512-Os/xkQbDp5A5RdGYq1yS3fF69GoBJH5FIfrkVh+fXxCSe714i1Xdl9XoXhS4xG76DGKm6EFMlUqP024qjps8cg==",
            "license": "MIT",
            "dependencies": {
                "@algolia/client-common": "5.17.1",
                "@algolia/requester-browser-xhr": "5.17.1",
                "@algolia/requester-fetch": "5.17.1",
                "@algolia/requester-node-http": "5.17.1"
            },
            "engines": {
                "node": ">= 14.0.0"
            }
        },
        "node_modules/@algolia/client-analytics": {
            "version": "5.17.1",
            "resolved": "https://registry.npmjs.org/@algolia/client-analytics/-/client-analytics-5.17.1.tgz",
            "integrity": "sha512-WKpGC+cUhmdm3wndIlTh8RJXoVabUH+4HrvZHC4hXtvCYojEXYeep8RZstatwSZ7Ocg6Y2u67bLw90NEINuYEw==",
            "license": "MIT",
            "dependencies": {
                "@algolia/client-common": "5.17.1",
                "@algolia/requester-browser-xhr": "5.17.1",
                "@algolia/requester-fetch": "5.17.1",
                "@algolia/requester-node-http": "5.17.1"
            },
            "engines": {
                "node": ">= 14.0.0"
            }
        },
        "node_modules/@algolia/client-common": {
            "version": "5.17.1",
            "resolved": "https://registry.npmjs.org/@algolia/client-common/-/client-common-5.17.1.tgz",
            "integrity": "sha512-5rb5+yPIie6912riAypTSyzbE23a7UM1UpESvD8GEPI4CcWQvA9DBlkRNx9qbq/nJ5pvv8VjZjUxJj7rFkzEAA==",
            "license": "MIT",
            "engines": {
                "node": ">= 14.0.0"
            }
        },
        "node_modules/@algolia/client-insights": {
            "version": "5.17.1",
            "resolved": "https://registry.npmjs.org/@algolia/client-insights/-/client-insights-5.17.1.tgz",
            "integrity": "sha512-nb/tfwBMn209TzFv1DDTprBKt/wl5btHVKoAww9fdEVdoKK02R2KAqxe5tuXLdEzAsS+LevRyOM/YjXuLmPtjQ==",
            "license": "MIT",
            "dependencies": {
                "@algolia/client-common": "5.17.1",
                "@algolia/requester-browser-xhr": "5.17.1",
                "@algolia/requester-fetch": "5.17.1",
                "@algolia/requester-node-http": "5.17.1"
            },
            "engines": {
                "node": ">= 14.0.0"
            }
        },
        "node_modules/@algolia/client-personalization": {
            "version": "5.17.1",
            "resolved": "https://registry.npmjs.org/@algolia/client-personalization/-/client-personalization-5.17.1.tgz",
            "integrity": "sha512-JuNlZe1SdW9KbV0gcgdsiVkFfXt0mmPassdS3cBSGvZGbPB9JsHthD719k5Y6YOY4dGvw1JmC1i9CwCQHAS8hg==",
            "license": "MIT",
            "dependencies": {
                "@algolia/client-common": "5.17.1",
                "@algolia/requester-browser-xhr": "5.17.1",
                "@algolia/requester-fetch": "5.17.1",
                "@algolia/requester-node-http": "5.17.1"
            },
            "engines": {
                "node": ">= 14.0.0"
            }
        },
        "node_modules/@algolia/client-query-suggestions": {
            "version": "5.17.1",
            "resolved": "https://registry.npmjs.org/@algolia/client-query-suggestions/-/client-query-suggestions-5.17.1.tgz",
            "integrity": "sha512-RBIFIv1QE3IlAikJKWTOpd6pwE4d2dY6t02iXH7r/SLXWn0HzJtsAPPeFg/OKkFvWAXt0H7In2/Mp7a1/Dy2pw==",
            "license": "MIT",
            "dependencies": {
                "@algolia/client-common": "5.17.1",
                "@algolia/requester-browser-xhr": "5.17.1",
                "@algolia/requester-fetch": "5.17.1",
                "@algolia/requester-node-http": "5.17.1"
            },
            "engines": {
                "node": ">= 14.0.0"
            }
        },
        "node_modules/@algolia/client-search": {
            "version": "5.17.1",
            "resolved": "https://registry.npmjs.org/@algolia/client-search/-/client-search-5.17.1.tgz",
            "integrity": "sha512-bd5JBUOP71kPsxwDcvOxqtqXXVo/706NFifZ/O5Rx5GB8ZNVAhg4l7aGoT6jBvEfgmrp2fqPbkdIZ6JnuOpGcw==",
            "license": "MIT",
            "dependencies": {
                "@algolia/client-common": "5.17.1",
                "@algolia/requester-browser-xhr": "5.17.1",
                "@algolia/requester-fetch": "5.17.1",
                "@algolia/requester-node-http": "5.17.1"
            },
            "engines": {
                "node": ">= 14.0.0"
            }
        },
        "node_modules/@algolia/ingestion": {
            "version": "1.17.1",
            "resolved": "https://registry.npmjs.org/@algolia/ingestion/-/ingestion-1.17.1.tgz",
            "integrity": "sha512-T18tvePi1rjRYcIKhd82oRukrPWHxG/Iy1qFGaxCplgRm9Im5z96qnYOq75MSKGOUHkFxaBKJOLmtn8xDR+Mcw==",
            "license": "MIT",
            "dependencies": {
                "@algolia/client-common": "5.17.1",
                "@algolia/requester-browser-xhr": "5.17.1",
                "@algolia/requester-fetch": "5.17.1",
                "@algolia/requester-node-http": "5.17.1"
            },
            "engines": {
                "node": ">= 14.0.0"
            }
        },
        "node_modules/@algolia/monitoring": {
            "version": "1.17.1",
            "resolved": "https://registry.npmjs.org/@algolia/monitoring/-/monitoring-1.17.1.tgz",
            "integrity": "sha512-gDtow+AUywTehRP8S1tWKx2IvhcJOxldAoqBxzN3asuQobF7er5n72auBeL++HY4ImEuzMi7PDOA/Iuwxs2IcA==",
            "license": "MIT",
            "dependencies": {
                "@algolia/client-common": "5.17.1",
                "@algolia/requester-browser-xhr": "5.17.1",
                "@algolia/requester-fetch": "5.17.1",
                "@algolia/requester-node-http": "5.17.1"
            },
            "engines": {
                "node": ">= 14.0.0"
            }
        },
        "node_modules/@algolia/recommend": {
            "version": "5.17.1",
            "resolved": "https://registry.npmjs.org/@algolia/recommend/-/recommend-5.17.1.tgz",
            "integrity": "sha512-2992tTHkRe18qmf5SP57N78kN1D3e5t4PO1rt10sJncWtXBZWiNOK6K/UcvWsFbNSGAogFcIcvIMAl5mNp6RWA==",
            "license": "MIT",
            "dependencies": {
                "@algolia/client-common": "5.17.1",
                "@algolia/requester-browser-xhr": "5.17.1",
                "@algolia/requester-fetch": "5.17.1",
                "@algolia/requester-node-http": "5.17.1"
            },
            "engines": {
                "node": ">= 14.0.0"
            }
        },
        "node_modules/@algolia/requester-browser-xhr": {
            "version": "5.17.1",
            "resolved": "https://registry.npmjs.org/@algolia/requester-browser-xhr/-/requester-browser-xhr-5.17.1.tgz",
            "integrity": "sha512-XpKgBfyczVesKgr7DOShNyPPu5kqlboimRRPjdqAw5grSyHhCmb8yoTIKy0TCqBABZeXRPMYT13SMruUVRXvHA==",
            "license": "MIT",
            "dependencies": {
                "@algolia/client-common": "5.17.1"
            },
            "engines": {
                "node": ">= 14.0.0"
            }
        },
        "node_modules/@algolia/requester-fetch": {
            "version": "5.17.1",
            "resolved": "https://registry.npmjs.org/@algolia/requester-fetch/-/requester-fetch-5.17.1.tgz",
            "integrity": "sha512-EhUomH+DZP5vb6DnEjT0GvXaXBSwzZnuU6hPGNU1EYKRXDouRjII/bIWpVjt7ycMgL2D2oQruqDh6rAWUhQwRw==",
            "license": "MIT",
            "dependencies": {
                "@algolia/client-common": "5.17.1"
            },
            "engines": {
                "node": ">= 14.0.0"
            }
        },
        "node_modules/@algolia/requester-node-http": {
            "version": "5.17.1",
            "resolved": "https://registry.npmjs.org/@algolia/requester-node-http/-/requester-node-http-5.17.1.tgz",
            "integrity": "sha512-PSnENJtl4/wBWXlGyOODbLYm6lSiFqrtww7UpQRCJdsHXlJKF8XAP6AME8NxvbE0Qo/RJUxK0mvyEh9sQcx6bg==",
            "license": "MIT",
            "dependencies": {
                "@algolia/client-common": "5.17.1"
            },
            "engines": {
                "node": ">= 14.0.0"
            }
        },
        "node_modules/@sanity/client": {
            "version": "6.24.1",
            "resolved": "https://registry.npmjs.org/@sanity/client/-/client-6.24.1.tgz",
            "integrity": "sha512-k5aW5C8RdqVGnvuX0KZ+AAIlhYueb6sx3edhKkIMmr2UfD8vSTSW3oAXVt+/WlBstlMIqvkc5RCLLWZQcF3gaA==",
            "license": "MIT",
            "dependencies": {
                "@sanity/eventsource": "^5.0.2",
                "get-it": "^8.6.5",
                "rxjs": "^7.0.0"
            },
            "engines": {
                "node": ">=14.18"
            }
        },
        "node_modules/@sanity/eventsource": {
            "version": "5.0.2",
            "resolved": "https://registry.npmjs.org/@sanity/eventsource/-/eventsource-5.0.2.tgz",
            "integrity": "sha512-/B9PMkUvAlUrpRq0y+NzXgRv5lYCLxZNsBJD2WXVnqZYOfByL9oQBV7KiTaARuObp5hcQYuPfOAVjgXe3hrixA==",
            "license": "MIT",
            "dependencies": {
                "@types/event-source-polyfill": "1.0.5",
                "@types/eventsource": "1.1.15",
                "event-source-polyfill": "1.0.31",
                "eventsource": "2.0.2"
            }
        },
        "node_modules/@sanity/webhook": {
            "version": "4.0.4",
            "resolved": "https://registry.npmjs.org/@sanity/webhook/-/webhook-4.0.4.tgz",
            "integrity": "sha512-c8LmzR5Wx93zJ10ohhp0XlmPrTNSFyvPcLbNY/sN45Wj5VOngz4FbBMbX9j64sSQLt+676U6OhiVfjs1yw3YCw==",
            "license": "MIT",
            "engines": {
                "node": ">=20.0.0"
            }
        },
        "node_modules/@types/event-source-polyfill": {
            "version": "1.0.5",
            "resolved": "https://registry.npmjs.org/@types/event-source-polyfill/-/event-source-polyfill-1.0.5.tgz",
            "integrity": "sha512-iaiDuDI2aIFft7XkcwMzDWLqo7LVDixd2sR6B4wxJut9xcp/Ev9bO4EFg4rm6S9QxATLBj5OPxdeocgmhjwKaw==",
            "license": "MIT"
        },
        "node_modules/@types/eventsource": {
            "version": "1.1.15",
            "resolved": "https://registry.npmjs.org/@types/eventsource/-/eventsource-1.1.15.tgz",
            "integrity": "sha512-XQmGcbnxUNa06HR3VBVkc9+A2Vpi9ZyLJcdS5dwaQQ/4ZMWFO+5c90FnMUpbtMZwB/FChoYHwuVg8TvkECacTA==",
            "license": "MIT"
        },
        "node_modules/@types/follow-redirects": {
            "version": "1.14.4",
            "resolved": "https://registry.npmjs.org/@types/follow-redirects/-/follow-redirects-1.14.4.tgz",
            "integrity": "sha512-GWXfsD0Jc1RWiFmMuMFCpXMzi9L7oPDVwxUnZdg89kDNnqsRfUKXEtUYtA98A6lig1WXH/CYY/fvPW9HuN5fTA==",
            "license": "MIT",
            "dependencies": {
                "@types/node": "*"
            }
        },
        "node_modules/@types/node": {
            "version": "22.10.1",
            "resolved": "https://registry.npmjs.org/@types/node/-/node-22.10.1.tgz",
            "integrity": "sha512-qKgsUwfHZV2WCWLAnVP1JqnpE6Im6h3Y0+fYgMTasNQ7V++CBX5OT1as0g0f+OyubbFqhf6XVNIsmN4IIhEgGQ==",
            "license": "MIT",
            "dependencies": {
                "undici-types": "~6.20.0"
            }
        },
        "node_modules/@types/progress-stream": {
            "version": "2.0.5",
            "resolved": "https://registry.npmjs.org/@types/progress-stream/-/progress-stream-2.0.5.tgz",
            "integrity": "sha512-5YNriuEZkHlFHHepLIaxzq3atGeav1qCTGzB74HKWpo66qjfostF+rHc785YYYHeBytve8ZG3ejg42jEIfXNiQ==",
            "license": "MIT",
            "dependencies": {
                "@types/node": "*"
            }
        },
        "node_modules/algoliasearch": {
            "version": "5.17.1",
            "resolved": "https://registry.npmjs.org/algoliasearch/-/algoliasearch-5.17.1.tgz",
            "integrity": "sha512-3CcbT5yTWJDIcBe9ZHgsPi184SkT1kyZi3GWlQU5EFgvq1V73X2sqHRkPCQMe0RA/uvZbB+1sFeAk73eWygeLg==",
            "license": "MIT",
            "dependencies": {
                "@algolia/client-abtesting": "5.17.1",
                "@algolia/client-analytics": "5.17.1",
                "@algolia/client-common": "5.17.1",
                "@algolia/client-insights": "5.17.1",
                "@algolia/client-personalization": "5.17.1",
                "@algolia/client-query-suggestions": "5.17.1",
                "@algolia/client-search": "5.17.1",
                "@algolia/ingestion": "1.17.1",
                "@algolia/monitoring": "1.17.1",
                "@algolia/recommend": "5.17.1",
                "@algolia/requester-browser-xhr": "5.17.1",
                "@algolia/requester-fetch": "5.17.1",
                "@algolia/requester-node-http": "5.17.1"
            },
            "engines": {
                "node": ">= 14.0.0"
            }
        },
        "node_modules/core-util-is": {
            "version": "1.0.3",
            "resolved": "https://registry.npmjs.org/core-util-is/-/core-util-is-1.0.3.tgz",
            "integrity": "sha512-ZQBvi1DcpJ4GDqanjucZ2Hj3wEO5pZDS89BWbkcrvdxksJorwUDDZamX9ldFkp9aw2lmBDLgkObEA4DWNJ9FYQ==",
            "license": "MIT"
        },
        "node_modules/decompress-response": {
            "version": "7.0.0",
            "resolved": "https://registry.npmjs.org/decompress-response/-/decompress-response-7.0.0.tgz",
            "integrity": "sha512-6IvPrADQyyPGLpMnUh6kfKiqy7SrbXbjoUuZ90WMBJKErzv2pCiwlGEXjRX9/54OnTq+XFVnkOnOMzclLI5aEA==",
            "license": "MIT",
            "dependencies": {
                "mimic-response": "^3.1.0"
            },
            "engines": {
                "node": ">=10"
            },
            "funding": {
                "url": "https://github.com/sponsors/sindresorhus"
            }
        },
        "node_modules/event-source-polyfill": {
            "version": "1.0.31",
            "resolved": "https://registry.npmjs.org/event-source-polyfill/-/event-source-polyfill-1.0.31.tgz",
            "integrity": "sha512-4IJSItgS/41IxN5UVAVuAyczwZF7ZIEsM1XAoUzIHA6A+xzusEZUutdXz2Nr+MQPLxfTiCvqE79/C8HT8fKFvA==",
            "license": "MIT"
        },
        "node_modules/eventsource": {
            "version": "2.0.2",
            "resolved": "https://registry.npmjs.org/eventsource/-/eventsource-2.0.2.tgz",
            "integrity": "sha512-IzUmBGPR3+oUG9dUeXynyNmf91/3zUSJg1lCktzKw47OXuhco54U3r9B7O4XX+Rb1Itm9OZ2b0RkTs10bICOxA==",
            "license": "MIT",
            "engines": {
                "node": ">=12.0.0"
            }
        },
        "node_modules/follow-redirects": {
            "version": "1.15.9",
            "resolved": "https://registry.npmjs.org/follow-redirects/-/follow-redirects-1.15.9.tgz",
            "integrity": "sha512-gew4GsXizNgdoRyqmyfMHyAmXsZDk6mHkSxZFCzW9gwlbtOW44CDtYavM+y+72qD/Vq2l550kMF52DT8fOLJqQ==",
            "funding": [
                {
                    "type": "individual",
                    "url": "https://github.com/sponsors/RubenVerborgh"
                }
            ],
            "license": "MIT",
            "engines": {
                "node": ">=4.0"
            },
            "peerDependenciesMeta": {
                "debug": {
                    "optional": true
                }
            }
        },
        "node_modules/get-it": {
            "version": "8.6.5",
            "resolved": "https://registry.npmjs.org/get-it/-/get-it-8.6.5.tgz",
            "integrity": "sha512-o1hjPwrb/icm3WJbCweTSq8mKuDfJlqwbFauI+Pdgid99at/BFaBXFBJZE+uqvHyOVARE4z680S44vrDm8SsCw==",
            "license": "MIT",
            "dependencies": {
                "@types/follow-redirects": "^1.14.4",
                "@types/progress-stream": "^2.0.5",
                "decompress-response": "^7.0.0",
                "follow-redirects": "^1.15.6",
                "is-retry-allowed": "^2.2.0",
                "progress-stream": "^2.0.0",
                "tunnel-agent": "^0.6.0"
            },
            "engines": {
                "node": ">=14.0.0"
            }
        },
        "node_modules/inherits": {
            "version": "2.0.4",
            "resolved": "https://registry.npmjs.org/inherits/-/inherits-2.0.4.tgz",
            "integrity": "sha512-k/vGaX4/Yla3WzyMCvTQOXYeIHvqOKtnqBduzTHpzpQZzAskKMhZ2K+EnBiSM9zGSoIFeMpXKxa4dYeZIQqewQ==",
            "license": "ISC"
        },
        "node_modules/is-retry-allowed": {
            "version": "2.2.0",
            "resolved": "https://registry.npmjs.org/is-retry-allowed/-/is-retry-allowed-2.2.0.tgz",
            "integrity": "sha512-XVm7LOeLpTW4jV19QSH38vkswxoLud8sQ57YwJVTPWdiaI9I8keEhGFpBlslyVsgdQy4Opg8QOLb8YRgsyZiQg==",
            "license": "MIT",
            "engines": {
                "node": ">=10"
            },
            "funding": {
                "url": "https://github.com/sponsors/sindresorhus"
            }
        },
        "node_modules/isarray": {
            "version": "1.0.0",
            "resolved": "https://registry.npmjs.org/isarray/-/isarray-1.0.0.tgz",
            "integrity": "sha512-VLghIWNM6ELQzo7zwmcg0NmTVyWKYjvIeM83yjp0wRDTmUnrM678fQbcKBo6n2CJEF0szoG//ytg+TKla89ALQ==",
            "license": "MIT"
        },
        "node_modules/mimic-response": {
            "version": "3.1.0",
            "resolved": "https://registry.npmjs.org/mimic-response/-/mimic-response-3.1.0.tgz",
            "integrity": "sha512-z0yWI+4FDrrweS8Zmt4Ej5HdJmky15+L2e6Wgn3+iK5fWzb6T3fhNFq2+MeTRb064c6Wr4N/wv0DzQTjNzHNGQ==",
            "license": "MIT",
            "engines": {
                "node": ">=10"
            },
            "funding": {
                "url": "https://github.com/sponsors/sindresorhus"
            }
        },
        "node_modules/process-nextick-args": {
            "version": "2.0.1",
            "resolved": "https://registry.npmjs.org/process-nextick-args/-/process-nextick-args-2.0.1.tgz",
            "integrity": "sha512-3ouUOpQhtgrbOa17J7+uxOTpITYWaGP7/AhoR3+A+/1e9skrzelGi/dXzEYyvbxubEF6Wn2ypscTKiKJFFn1ag==",
            "license": "MIT"
        },
        "node_modules/progress-stream": {
            "version": "2.0.0",
            "resolved": "https://registry.npmjs.org/progress-stream/-/progress-stream-2.0.0.tgz",
            "integrity": "sha512-xJwOWR46jcXUq6EH9yYyqp+I52skPySOeHfkxOZ2IY1AiBi/sFJhbhAKHoV3OTw/omQ45KTio9215dRJ2Yxd3Q==",
            "license": "BSD-2-Clause",
            "dependencies": {
                "speedometer": "~1.0.0",
                "through2": "~2.0.3"
            }
        },
        "node_modules/readable-stream": {
            "version": "2.3.8",
            "resolved": "https://registry.npmjs.org/readable-stream/-/readable-stream-2.3.8.tgz",
            "integrity": "sha512-8p0AUk4XODgIewSi0l8Epjs+EVnWiK7NoDIEGU0HhE7+ZyY8D1IMY7odu5lRrFXGg71L15KG8QrPmum45RTtdA==",
            "license": "MIT",
            "dependencies": {
                "core-util-is": "~1.0.0",
                "inherits": "~2.0.3",
                "isarray": "~1.0.0",
                "process-nextick-args": "~2.0.0",
                "safe-buffer": "~5.1.1",
                "string_decoder": "~1.1.1",
                "util-deprecate": "~1.0.1"
            }
        },
        "node_modules/rxjs": {
            "version": "7.8.1",
            "resolved": "https://registry.npmjs.org/rxjs/-/rxjs-7.8.1.tgz",
            "integrity": "sha512-AA3TVj+0A2iuIoQkWEK/tqFjBq2j+6PO6Y0zJcvzLAFhEFIO3HL0vls9hWLncZbAAbK0mar7oZ4V079I/qPMxg==",
            "license": "Apache-2.0",
            "dependencies": {
                "tslib": "^2.1.0"
            }
        },
        "node_modules/safe-buffer": {
            "version": "5.1.2",
            "resolved": "https://registry.npmjs.org/safe-buffer/-/safe-buffer-5.1.2.tgz",
            "integrity": "sha512-Gd2UZBJDkXlY7GbJxfsE8/nvKkUEU1G38c1siN6QP6a9PT9MmHB8GnpscSmMJSoF8LOIrt8ud/wPtojys4G6+g==",
            "license": "MIT"
        },
        "node_modules/speedometer": {
            "version": "1.0.0",
            "resolved": "https://registry.npmjs.org/speedometer/-/speedometer-1.0.0.tgz",
            "integrity": "sha512-lgxErLl/7A5+vgIIXsh9MbeukOaCb2axgQ+bKCdIE+ibNT4XNYGNCR1qFEGq6F+YDASXK3Fh/c5FgtZchFolxw==",
            "license": "MIT"
        },
        "node_modules/string_decoder": {
            "version": "1.1.1",
            "resolved": "https://registry.npmjs.org/string_decoder/-/string_decoder-1.1.1.tgz",
            "integrity": "sha512-n/ShnvDi6FHbbVfviro+WojiFzv+s8MPMHBczVePfUpDJLwoLT0ht1l4YwBCbi8pJAveEEdnkHyPyTP/mzRfwg==",
            "license": "MIT",
            "dependencies": {
                "safe-buffer": "~5.1.0"
            }
        },
        "node_modules/through2": {
            "version": "2.0.5",
            "resolved": "https://registry.npmjs.org/through2/-/through2-2.0.5.tgz",
            "integrity": "sha512-/mrRod8xqpA+IHSLyGCQ2s8SPHiCDEeQJSep1jqLYeEUClOFG2Qsh+4FU6G9VeqpZnGW/Su8LQGc4YKni5rYSQ==",
            "license": "MIT",
            "dependencies": {
                "readable-stream": "~2.3.6",
                "xtend": "~4.0.1"
            }
        },
        "node_modules/tslib": {
            "version": "2.8.1",
            "resolved": "https://registry.npmjs.org/tslib/-/tslib-2.8.1.tgz",
            "integrity": "sha512-oJFu94HQb+KVduSUQL7wnpmqnfmLsOA/nAh6b6EH0wCEoK0/mPeXU6c3wKDV83MkOuHPRHtSXKKU99IBazS/2w==",
            "license": "0BSD"
        },
        "node_modules/tunnel-agent": {
            "version": "0.6.0",
            "resolved": "https://registry.npmjs.org/tunnel-agent/-/tunnel-agent-0.6.0.tgz",
            "integrity": "sha512-McnNiV1l8RYeY8tBgEpuodCC1mLUdbSN+CYBL7kJsJNInOP8UjDDEwdk6Mw60vdLLrr5NHKZhMAOSrR2NZuQ+w==",
            "license": "Apache-2.0",
            "dependencies": {
                "safe-buffer": "^5.0.1"
            },
            "engines": {
                "node": "*"
            }
        },
        "node_modules/typescript": {
            "version": "5.7.2",
            "resolved": "https://registry.npmjs.org/typescript/-/typescript-5.7.2.tgz",
            "integrity": "sha512-i5t66RHxDvVN40HfDd1PsEThGNnlMCMT3jMUuoh9/0TaqWevNontacunWyN02LA9/fIbEWlcHZcgTKb9QoaLfg==",
            "dev": true,
            "license": "Apache-2.0",
            "bin": {
                "tsc": "bin/tsc",
                "tsserver": "bin/tsserver"
            },
            "engines": {
                "node": ">=14.17"
            }
        },
        "node_modules/undici-types": {
            "version": "6.20.0",
            "resolved": "https://registry.npmjs.org/undici-types/-/undici-types-6.20.0.tgz",
            "integrity": "sha512-Ny6QZ2Nju20vw1SRHe3d9jVu6gJ+4e3+MMpqu7pqE5HT6WsTSlce++GQmK5UXS8mzV8DSYHrQH+Xrf2jVcuKNg==",
            "license": "MIT"
        },
        "node_modules/util-deprecate": {
            "version": "1.0.2",
            "resolved": "https://registry.npmjs.org/util-deprecate/-/util-deprecate-1.0.2.tgz",
            "integrity": "sha512-EPD5q1uXyFxJpCrLnCc1nHnq3gOa6DZBocAIiI2TaSCA7VCJ1UJDMagCzIkXNsUYfD1daK//LTEQ8xiIbrHtcw==",
            "license": "MIT"
        },
        "node_modules/xtend": {
            "version": "4.0.2",
            "resolved": "https://registry.npmjs.org/xtend/-/xtend-4.0.2.tgz",
            "integrity": "sha512-LKYU1iAXJXUgAXn9URjiu+MWhyUXHsvfp7mcuYm9dSUKK0/CjtrUwFAxD82/mCWbtLsGjFIad0wIsod4zrTAEQ==",
            "license": "MIT",
            "engines": {
                "node": ">=0.4"
            }
        }
    }
}
