{
  "name": "sanity-algolia",
  "version": "0.1.0",
  "lockfileVersion": 1,
  "requires": true,
  "dependencies": {
    "@algolia/cache-browser-local-storage": {
      "version": "4.5.1",
      "resolved": "https://registry.npmjs.org/@algolia/cache-browser-local-storage/-/cache-browser-local-storage-4.5.1.tgz",
      "integrity": "sha512-TAQHRHaCUAR0bNhUHG0CnO6FTx3EMPwZQrjPuNS6kHvCQ/H8dVD0sLsHyM8C7U4j33xPQCWi9TBnSx8cYXNmNw==",
      "requires": {
        "@algolia/cache-common": "4.5.1"
      }
    },
    "@algolia/cache-common": {
      "version": "4.5.1",
      "resolved": "https://registry.npmjs.org/@algolia/cache-common/-/cache-common-4.5.1.tgz",
      "integrity": "sha512-Sux+pcedQi9sfScIiQdl6pEaTVl712qM9OblvDhnaeF1v6lf4jyTlRTiBLP7YBLuvO1Yo54W3maf03kmz9PVhA=="
    },
    "@algolia/cache-in-memory": {
      "version": "4.5.1",
      "resolved": "https://registry.npmjs.org/@algolia/cache-in-memory/-/cache-in-memory-4.5.1.tgz",
      "integrity": "sha512-fzwAtBFwveuG+E5T/namChEIvdVl0DoV3djV1C078b/JpO5+DeAwuXIJGYbyl950u170n5NEYuIwYG+R6h4lJQ==",
      "requires": {
        "@algolia/cache-common": "4.5.1"
      }
    },
    "@algolia/client-account": {
      "version": "4.5.1",
      "resolved": "https://registry.npmjs.org/@algolia/client-account/-/client-account-4.5.1.tgz",
      "integrity": "sha512-2WFEaI7Zf4ljnBsSAS4e+YylZ5glovm78xFg4E1JKA8PE6M+TeIgUY6HO2ouLh2dqQKxc9UfdAT1Loo/dha2iQ==",
      "requires": {
        "@algolia/client-common": "4.5.1",
        "@algolia/client-search": "4.5.1",
        "@algolia/transporter": "4.5.1"
      }
    },
    "@algolia/client-analytics": {
      "version": "4.5.1",
      "resolved": "https://registry.npmjs.org/@algolia/client-analytics/-/client-analytics-4.5.1.tgz",
      "integrity": "sha512-bTmZUU8zhZMWBeGEQ/TVqLoL3OOT0benU0HtS3iOnQURwb+AOCv3RsgZvkj2djp+M24Q6P8/L34uBJMmCurbLg==",
      "requires": {
        "@algolia/client-common": "4.5.1",
        "@algolia/client-search": "4.5.1",
        "@algolia/requester-common": "4.5.1",
        "@algolia/transporter": "4.5.1"
      }
    },
    "@algolia/client-common": {
      "version": "4.5.1",
      "resolved": "https://registry.npmjs.org/@algolia/client-common/-/client-common-4.5.1.tgz",
      "integrity": "sha512-5CpIf8IK1hke7q+N4e+A4TWdFXVJ5Qwyaa0xS84DrDO8HQ7vfYbDvG1oYa9hVEtGn6c3WVKPAvuWynK+fXQQCA==",
      "requires": {
        "@algolia/requester-common": "4.5.1",
        "@algolia/transporter": "4.5.1"
      }
    },
    "@algolia/client-recommendation": {
      "version": "4.5.1",
      "resolved": "https://registry.npmjs.org/@algolia/client-recommendation/-/client-recommendation-4.5.1.tgz",
      "integrity": "sha512-GiFrNSImoEBUQICjFBEoxPGzrjWji8PY9GeMg2CNvOYcRQ0Xt0Y36v9GN53NLjvB7QdQ2FlE1Cuv/PLUfS/aQQ==",
      "requires": {
        "@algolia/client-common": "4.5.1",
        "@algolia/requester-common": "4.5.1",
        "@algolia/transporter": "4.5.1"
      }
    },
    "@algolia/client-search": {
      "version": "4.5.1",
      "resolved": "https://registry.npmjs.org/@algolia/client-search/-/client-search-4.5.1.tgz",
      "integrity": "sha512-wjuOTte9Auo9Cg4fL0709PjeJ9rXFh4okYUrOt/2SWqQid6DSdZOp+BtyaHKV3E94sj+SlmMxkMUacYluYg5zA==",
      "requires": {
        "@algolia/client-common": "4.5.1",
        "@algolia/requester-common": "4.5.1",
        "@algolia/transporter": "4.5.1"
      }
    },
    "@algolia/logger-common": {
      "version": "4.5.1",
      "resolved": "https://registry.npmjs.org/@algolia/logger-common/-/logger-common-4.5.1.tgz",
      "integrity": "sha512-ZoVnGriinlLHlkvn5K7djOUn1/1IeTjU8rDzOJ3t06T+2hQytgJghaX7rSwKIeH4CjWMy61w8jLisuGJRBOEeg=="
    },
    "@algolia/logger-console": {
      "version": "4.5.1",
      "resolved": "https://registry.npmjs.org/@algolia/logger-console/-/logger-console-4.5.1.tgz",
      "integrity": "sha512-1qa7K18+uAgxyWuguayaDS5ViiZFcOjI3J5ACBb0i/n7RsXUo149lP6mwmx6TIU7s135hT0f0TCqnvfMvN1ilA==",
      "requires": {
        "@algolia/logger-common": "4.5.1"
      }
    },
    "@algolia/requester-browser-xhr": {
      "version": "4.5.1",
      "resolved": "https://registry.npmjs.org/@algolia/requester-browser-xhr/-/requester-browser-xhr-4.5.1.tgz",
      "integrity": "sha512-tsQz+9pZw9dwPm/wMvZDpsWFZgmghLjXi4c3O4rfwoP/Ikum5fhle5fiR14yb4Lw4WlOQ1AJIHJvrg1qLIG8hQ==",
      "requires": {
        "@algolia/requester-common": "4.5.1"
      }
    },
    "@algolia/requester-common": {
      "version": "4.5.1",
      "resolved": "https://registry.npmjs.org/@algolia/requester-common/-/requester-common-4.5.1.tgz",
      "integrity": "sha512-bPCiLvhHKXaka7f5FLtheChToz0yHVhvza64naFJRRh/3kC0nvyrvQ0ogjiydiSrGIfdNDyyTVfKGdk4gS5gyA=="
    },
    "@algolia/requester-node-http": {
      "version": "4.5.1",
      "resolved": "https://registry.npmjs.org/@algolia/requester-node-http/-/requester-node-http-4.5.1.tgz",
      "integrity": "sha512-BfFc2h9eQOKu1gGs3DtQO7GrVZW/rxUgpJVLja4UVQyGplJyTCrFgkTyfl+8rb3MkNgA/S2LNo7cKNSPfpqeAQ==",
      "requires": {
        "@algolia/requester-common": "4.5.1"
      }
    },
    "@algolia/transporter": {
      "version": "4.5.1",
      "resolved": "https://registry.npmjs.org/@algolia/transporter/-/transporter-4.5.1.tgz",
      "integrity": "sha512-asPDNToDAPhH0tM6qKGTn1l0wTlNUbekpa1ifZ6v+qhSjo3VdqGyp+2VeciJOBW/wVHXh3HUbAcycvLERRlCLg==",
      "requires": {
        "@algolia/cache-common": "4.5.1",
        "@algolia/logger-common": "4.5.1",
        "@algolia/requester-common": "4.5.1"
      }
    },
    "@jest/types": {
      "version": "25.5.0",
      "resolved": "https://registry.npmjs.org/@jest/types/-/types-25.5.0.tgz",
      "integrity": "sha512-OXD0RgQ86Tu3MazKo8bnrkDRaDXXMGUqd+kTtLtK1Zb7CRzQcaSRPPPV37SvYTdevXEBVxe0HXylEjs8ibkmCw==",
      "dev": true,
      "requires": {
        "@types/istanbul-lib-coverage": "^2.0.0",
        "@types/istanbul-reports": "^1.1.1",
        "@types/yargs": "^15.0.0",
        "chalk": "^3.0.0"
      }
    },
    "@rexxars/eventsource-polyfill": {
      "version": "1.0.0",
      "resolved": "https://registry.npmjs.org/@rexxars/eventsource-polyfill/-/eventsource-polyfill-1.0.0.tgz",
      "integrity": "sha512-YnrybIoM9WFqmeK1D8p/gutqjJnmXCVFWAU3ucka9M7Dzpen3f2Dy4KsC6k1wDHrCtHQuUHHwZovh3i5UPDaZw=="
    },
    "@sanity/client": {
      "version": "2.0.1",
      "resolved": "https://registry.npmjs.org/@sanity/client/-/client-2.0.1.tgz",
      "integrity": "sha512-sYvAWIiaWAmpKousHQaurGoXm8dZLHhkrtc4KVuMp1HHHFpwTHnufPtQmjJIFT46v3IXf2roJ1H9zRWWBpxR3g==",
      "requires": {
        "@sanity/eventsource": "2.0.1",
        "@sanity/generate-help-url": "2.0.1",
        "@sanity/observable": "2.0.1",
        "deep-assign": "^2.0.0",
        "get-it": "^5.0.3",
        "make-error": "^1.3.0",
        "object-assign": "^4.1.1"
      }
    },
    "@sanity/eventsource": {
      "version": "2.0.1",
      "resolved": "https://registry.npmjs.org/@sanity/eventsource/-/eventsource-2.0.1.tgz",
      "integrity": "sha512-5FjMSEdXEv8QDyHeY82SMqL95wmGkDtLT5VPOrok/hqmc5MyfH0g/yo6HLfVwZbqmdQxnCZ37YUJ5vkyixfLTw==",
      "requires": {
        "@rexxars/eventsource-polyfill": "^1.0.0",
        "eventsource": "^1.0.6"
      }
    },
    "@sanity/generate-help-url": {
      "version": "2.0.1",
      "resolved": "https://registry.npmjs.org/@sanity/generate-help-url/-/generate-help-url-2.0.1.tgz",
      "integrity": "sha512-dnmMUZJH1tklqh6FE7dCc/L/0VcCexeyrcEBCt9me0KDwVna9l9fzQUo2uSg82ZvxWt+Bkq1c5zP5BDzMpj7Mw=="
    },
    "@sanity/observable": {
      "version": "2.0.1",
      "resolved": "https://registry.npmjs.org/@sanity/observable/-/observable-2.0.1.tgz",
      "integrity": "sha512-gDHoJxEjEOdwfCQwoFfb2IwAeRMZp5UYb4g4kn0jiL3yPo9vpi1WyYVnu41AJ6932pLmr2SLToCS7FVBkX1rXw==",
      "requires": {
        "object-assign": "^4.1.1",
        "rxjs": "^6.5.3"
      }
    },
    "@sanity/timed-out": {
      "version": "4.0.2",
      "resolved": "https://registry.npmjs.org/@sanity/timed-out/-/timed-out-4.0.2.tgz",
      "integrity": "sha512-NBDKGj14g9Z+bopIvZcQKWCzJq5JSrdmzRR1CS+iyA3Gm8SnIWBfZa7I3mTg2X6Nu8LQXG0EPKXdOGozLS4i3w=="
    },
    "@types/istanbul-lib-coverage": {
      "version": "2.0.3",
      "resolved": "https://registry.npmjs.org/@types/istanbul-lib-coverage/-/istanbul-lib-coverage-2.0.3.tgz",
      "integrity": "sha512-sz7iLqvVUg1gIedBOvlkxPlc8/uVzyS5OwGz1cKjXzkl3FpL3al0crU8YGU1WoHkxn0Wxbw5tyi6hvzJKNzFsw==",
      "dev": true
    },
    "@types/istanbul-lib-report": {
      "version": "3.0.0",
      "resolved": "https://registry.npmjs.org/@types/istanbul-lib-report/-/istanbul-lib-report-3.0.0.tgz",
      "integrity": "sha512-plGgXAPfVKFoYfa9NpYDAkseG+g6Jr294RqeqcqDixSbU34MZVJRi/P+7Y8GDpzkEwLaGZZOpKIEmeVZNtKsrg==",
      "dev": true,
      "requires": {
        "@types/istanbul-lib-coverage": "*"
      }
    },
    "@types/istanbul-reports": {
      "version": "1.1.2",
      "resolved": "https://registry.npmjs.org/@types/istanbul-reports/-/istanbul-reports-1.1.2.tgz",
      "integrity": "sha512-P/W9yOX/3oPZSpaYOCQzGqgCQRXn0FFO/V8bWrCQs+wLmvVVxk6CRBXALEvNs9OHIatlnlFokfhuDo2ug01ciw==",
      "dev": true,
      "requires": {
        "@types/istanbul-lib-coverage": "*",
        "@types/istanbul-lib-report": "*"
      }
    },
    "@types/jest": {
      "version": "26.0.14",
      "resolved": "https://registry.npmjs.org/@types/jest/-/jest-26.0.14.tgz",
      "integrity": "sha512-Hz5q8Vu0D288x3iWXePSn53W7hAjP0H7EQ6QvDO9c7t46mR0lNOLlfuwQ+JkVxuhygHzlzPX+0jKdA3ZgSh+Vg==",
      "dev": true,
      "requires": {
        "jest-diff": "^25.2.1",
        "pretty-format": "^25.2.1"
      }
    },
    "@types/stopword": {
      "version": "0.3.0",
      "resolved": "https://registry.npmjs.org/@types/stopword/-/stopword-0.3.0.tgz",
      "integrity": "sha512-BPQgYJBb+Y7UC3pvU8J0OgF3VMG0kdLHWr10WmYlDUo+EW1ljX6OfTGziiFM3pG5+8a1zdyWtRPXiVldd9DrPA==",
      "dev": true
    },
    "@types/yargs": {
      "version": "15.0.8",
      "resolved": "https://registry.npmjs.org/@types/yargs/-/yargs-15.0.8.tgz",
      "integrity": "sha512-b0BYzFUzBpOhPjpl1wtAHU994jBeKF4TKVlT7ssFv44T617XNcPdRoG4AzHLVshLzlrF7i3lTelH7UbuNYV58Q==",
      "dev": true,
      "requires": {
        "@types/yargs-parser": "*"
      }
    },
    "@types/yargs-parser": {
      "version": "15.0.0",
      "resolved": "https://registry.npmjs.org/@types/yargs-parser/-/yargs-parser-15.0.0.tgz",
      "integrity": "sha512-FA/BWv8t8ZWJ+gEOnLLd8ygxH/2UFbAvgEonyfN6yWGLKc7zVjbpl2Y4CTjid9h2RfgPP6SEt6uHwEOply00yw==",
      "dev": true
    },
    "algoliasearch": {
      "version": "4.5.1",
      "resolved": "https://registry.npmjs.org/algoliasearch/-/algoliasearch-4.5.1.tgz",
      "integrity": "sha512-b6yT1vWMlBdVObQipKxvt0M6SEvGetVj+FFFlo0Fy06gkdj6WCJaS4t10Q/hC3I2VG9QmpCqlK3Esgg1y1E+uw==",
      "requires": {
        "@algolia/cache-browser-local-storage": "4.5.1",
        "@algolia/cache-common": "4.5.1",
        "@algolia/cache-in-memory": "4.5.1",
        "@algolia/client-account": "4.5.1",
        "@algolia/client-analytics": "4.5.1",
        "@algolia/client-common": "4.5.1",
        "@algolia/client-recommendation": "4.5.1",
        "@algolia/client-search": "4.5.1",
        "@algolia/logger-common": "4.5.1",
        "@algolia/logger-console": "4.5.1",
        "@algolia/requester-browser-xhr": "4.5.1",
        "@algolia/requester-common": "4.5.1",
        "@algolia/requester-node-http": "4.5.1",
        "@algolia/transporter": "4.5.1"
      }
    },
    "ansi-regex": {
      "version": "5.0.0",
      "resolved": "https://registry.npmjs.org/ansi-regex/-/ansi-regex-5.0.0.tgz",
      "integrity": "sha512-bY6fj56OUQ0hU1KjFNDQuJFezqKdrAyFdIevADiqrWHwSlbmBNMHp5ak2f40Pm8JTFyM2mqxkG6ngkHO11f/lg==",
      "dev": true
    },
    "ansi-styles": {
      "version": "4.3.0",
      "resolved": "https://registry.npmjs.org/ansi-styles/-/ansi-styles-4.3.0.tgz",
      "integrity": "sha512-zbB9rCJAT1rbjiVDb2hqKFHNYLxgtk8NURxZ3IZwD3F6NtxbXZQCnnSi1Lkx+IDohdPlFp222wVALIheZJQSEg==",
      "dev": true,
      "requires": {
        "color-convert": "^2.0.1"
      }
    },
    "capture-stack-trace": {
      "version": "1.0.1",
      "resolved": "https://registry.npmjs.org/capture-stack-trace/-/capture-stack-trace-1.0.1.tgz",
      "integrity": "sha512-mYQLZnx5Qt1JgB1WEiMCf2647plpGeQ2NMR/5L0HNZzGQo4fuSPnK+wjfPnKZV0aiJDgzmWqqkV/g7JD+DW0qw=="
    },
    "chalk": {
      "version": "3.0.0",
      "resolved": "https://registry.npmjs.org/chalk/-/chalk-3.0.0.tgz",
      "integrity": "sha512-4D3B6Wf41KOYRFdszmDqMCGq5VV/uMAB273JILmO+3jAlh8X4qDtdtgCR3fxtbLEMzSx22QdhnDcJvu2u1fVwg==",
      "dev": true,
      "requires": {
        "ansi-styles": "^4.1.0",
        "supports-color": "^7.1.0"
      }
    },
    "color-convert": {
      "version": "2.0.1",
      "resolved": "https://registry.npmjs.org/color-convert/-/color-convert-2.0.1.tgz",
      "integrity": "sha512-RRECPsj7iu/xb5oKYcsFHSppFNnsj/52OVTRKb4zP5onXwVF3zVmmToNcOfGC+CRDpfK/U584fMg38ZHCaElKQ==",
      "dev": true,
      "requires": {
        "color-name": "~1.1.4"
      }
    },
    "color-name": {
      "version": "1.1.4",
      "resolved": "https://registry.npmjs.org/color-name/-/color-name-1.1.4.tgz",
      "integrity": "sha512-dOy+3AuW3a2wNbZHIuMZpTcgjGuLU/uBL/ubcZF9OXbDo8ff4O8yVp5Bf0efS8uEoYo5q4Fx7dY9OgQGXgAsQA==",
      "dev": true
    },
    "core-util-is": {
      "version": "1.0.2",
      "resolved": "https://registry.npmjs.org/core-util-is/-/core-util-is-1.0.2.tgz",
      "integrity": "sha1-tf1UIgqivFq1eqtxQMlAdUUDwac="
    },
    "create-error-class": {
      "version": "3.0.2",
      "resolved": "https://registry.npmjs.org/create-error-class/-/create-error-class-3.0.2.tgz",
      "integrity": "sha1-Br56vvlHo/FKMP1hBnHUAbyot7Y=",
      "requires": {
        "capture-stack-trace": "^1.0.0"
      }
    },
    "debug": {
      "version": "2.6.9",
      "resolved": "https://registry.npmjs.org/debug/-/debug-2.6.9.tgz",
      "integrity": "sha512-bC7ElrdJaJnPbAP+1EotYvqZsb3ecl5wi6Bfi6BJTUcNowp6cvspg0jXznRTKDjm/E7AdgFBVeAPVMNcKGsHMA==",
      "requires": {
        "ms": "2.0.0"
      }
    },
    "decompress-response": {
      "version": "3.3.0",
      "resolved": "https://registry.npmjs.org/decompress-response/-/decompress-response-3.3.0.tgz",
      "integrity": "sha1-gKTdMjdIOEv6JICDYirt7Jgq3/M=",
      "requires": {
        "mimic-response": "^1.0.0"
      }
    },
    "deep-assign": {
      "version": "2.0.0",
      "resolved": "https://registry.npmjs.org/deep-assign/-/deep-assign-2.0.0.tgz",
      "integrity": "sha1-6+BrHwfwja5ZdiDj3RYi83GhxXI=",
      "requires": {
        "is-obj": "^1.0.0"
      }
    },
    "diff-sequences": {
      "version": "25.2.6",
      "resolved": "https://registry.npmjs.org/diff-sequences/-/diff-sequences-25.2.6.tgz",
      "integrity": "sha512-Hq8o7+6GaZeoFjtpgvRBUknSXNeJiCx7V9Fr94ZMljNiCr9n9L8H8aJqgWOQiDDGdyn29fRNcDdRVJ5fdyihfg==",
      "dev": true
    },
    "eventsource": {
      "version": "1.0.7",
      "resolved": "https://registry.npmjs.org/eventsource/-/eventsource-1.0.7.tgz",
      "integrity": "sha512-4Ln17+vVT0k8aWq+t/bF5arcS3EpT9gYtW66EPacdj/mAFevznsnyoHLPy2BA8gbIQeIHoPsvwmfBftfcG//BQ==",
      "requires": {
        "original": "^1.0.0"
      }
    },
    "follow-redirects": {
      "version": "1.13.0",
      "resolved": "https://registry.npmjs.org/follow-redirects/-/follow-redirects-1.13.0.tgz",
      "integrity": "sha512-aq6gF1BEKje4a9i9+5jimNFIpq4Q1WiwBToeRK5NvZBd/TRsmW8BsJfOEGkr76TbOyPVD3OVDN910EcUNtRYEA=="
    },
    "form-urlencoded": {
      "version": "2.0.9",
      "resolved": "https://registry.npmjs.org/form-urlencoded/-/form-urlencoded-2.0.9.tgz",
      "integrity": "sha512-fWUzNiOnYa126vFAT6TFXd1mhJrvD8IqmQ9ilZPjkLYQfaRreBr5fIUoOpPlWtqaAG64nzoE7u5zSetifab9IA=="
    },
    "from2": {
      "version": "2.3.0",
      "resolved": "https://registry.npmjs.org/from2/-/from2-2.3.0.tgz",
      "integrity": "sha1-i/tVAr3kpNNs/e6gB/zKIdfjgq8=",
      "requires": {
        "inherits": "^2.0.1",
        "readable-stream": "^2.0.0"
      }
    },
    "get-it": {
      "version": "5.0.3",
      "resolved": "https://registry.npmjs.org/get-it/-/get-it-5.0.3.tgz",
      "integrity": "sha512-S/QxA9/P4e0tHPILIdf92FVYrE0vre7ChXXMZoILuU4/keatMqnW1KAzCEOH8toJVbj+hgrOnZdUxd9ruG7lsQ==",
      "requires": {
        "@sanity/timed-out": "^4.0.2",
        "create-error-class": "^3.0.2",
        "debug": "^2.6.8",
        "decompress-response": "^3.3.0",
        "follow-redirects": "^1.2.4",
        "form-urlencoded": "^2.0.7",
        "in-publish": "^2.0.0",
        "into-stream": "^3.1.0",
        "is-plain-object": "^2.0.4",
        "is-retry-allowed": "^1.1.0",
        "is-stream": "^1.1.0",
        "nano-pubsub": "^1.0.2",
        "object-assign": "^4.1.1",
        "parse-headers": "^2.0.1",
        "progress-stream": "^2.0.0",
        "same-origin": "^0.1.1",
        "simple-concat": "^1.0.0",
        "tunnel-agent": "^0.6.0",
        "url-parse": "^1.1.9"
      }
    },
    "has-flag": {
      "version": "4.0.0",
      "resolved": "https://registry.npmjs.org/has-flag/-/has-flag-4.0.0.tgz",
      "integrity": "sha512-EykJT/Q1KjTWctppgIAgfSO0tKVuZUjhgMr17kqTumMl6Afv3EISleU7qZUzoXDFTAHTDC4NOoG/ZxU3EvlMPQ==",
      "dev": true
    },
    "in-publish": {
      "version": "2.0.1",
      "resolved": "https://registry.npmjs.org/in-publish/-/in-publish-2.0.1.tgz",
      "integrity": "sha512-oDM0kUSNFC31ShNxHKUyfZKy8ZeXZBWMjMdZHKLOk13uvT27VTL/QzRGfRUcevJhpkZAvlhPYuXkF7eNWrtyxQ=="
    },
    "inherits": {
      "version": "2.0.4",
      "resolved": "https://registry.npmjs.org/inherits/-/inherits-2.0.4.tgz",
      "integrity": "sha512-k/vGaX4/Yla3WzyMCvTQOXYeIHvqOKtnqBduzTHpzpQZzAskKMhZ2K+EnBiSM9zGSoIFeMpXKxa4dYeZIQqewQ=="
    },
    "into-stream": {
      "version": "3.1.0",
      "resolved": "https://registry.npmjs.org/into-stream/-/into-stream-3.1.0.tgz",
      "integrity": "sha1-lvsKk2wSur1v8XUqF9BWFqvQlMY=",
      "requires": {
        "from2": "^2.1.1",
        "p-is-promise": "^1.1.0"
      }
    },
    "is-obj": {
      "version": "1.0.1",
      "resolved": "https://registry.npmjs.org/is-obj/-/is-obj-1.0.1.tgz",
      "integrity": "sha1-PkcprB9f3gJc19g6iW2rn09n2w8="
    },
    "is-plain-object": {
      "version": "2.0.4",
      "resolved": "https://registry.npmjs.org/is-plain-object/-/is-plain-object-2.0.4.tgz",
      "integrity": "sha512-h5PpgXkWitc38BBMYawTYMWJHFZJVnBquFE57xFpjB8pJFiF6gZ+bU+WyI/yqXiFR5mdLsgYNaPe8uao6Uv9Og==",
      "requires": {
        "isobject": "^3.0.1"
      }
    },
    "is-retry-allowed": {
      "version": "1.2.0",
      "resolved": "https://registry.npmjs.org/is-retry-allowed/-/is-retry-allowed-1.2.0.tgz",
      "integrity": "sha512-RUbUeKwvm3XG2VYamhJL1xFktgjvPzL0Hq8C+6yrWIswDy3BIXGqCxhxkc30N9jqK311gVU137K8Ei55/zVJRg=="
    },
    "is-stream": {
      "version": "1.1.0",
      "resolved": "https://registry.npmjs.org/is-stream/-/is-stream-1.1.0.tgz",
      "integrity": "sha1-EtSj3U5o4Lec6428hBc66A2RykQ="
    },
    "isarray": {
      "version": "1.0.0",
      "resolved": "https://registry.npmjs.org/isarray/-/isarray-1.0.0.tgz",
      "integrity": "sha1-u5NdSFgsuhaMBoNJV6VKPgcSTxE="
    },
    "isobject": {
      "version": "3.0.1",
      "resolved": "https://registry.npmjs.org/isobject/-/isobject-3.0.1.tgz",
      "integrity": "sha1-TkMekrEalzFjaqH5yNHMvP2reN8="
    },
    "jest-diff": {
      "version": "25.5.0",
      "resolved": "https://registry.npmjs.org/jest-diff/-/jest-diff-25.5.0.tgz",
      "integrity": "sha512-z1kygetuPiREYdNIumRpAHY6RXiGmp70YHptjdaxTWGmA085W3iCnXNx0DhflK3vwrKmrRWyY1wUpkPMVxMK7A==",
      "dev": true,
      "requires": {
        "chalk": "^3.0.0",
        "diff-sequences": "^25.2.6",
        "jest-get-type": "^25.2.6",
        "pretty-format": "^25.5.0"
      }
    },
    "jest-get-type": {
      "version": "25.2.6",
      "resolved": "https://registry.npmjs.org/jest-get-type/-/jest-get-type-25.2.6.tgz",
      "integrity": "sha512-DxjtyzOHjObRM+sM1knti6or+eOgcGU4xVSb2HNP1TqO4ahsT+rqZg+nyqHWJSvWgKC5cG3QjGFBqxLghiF/Ig==",
      "dev": true
    },
    "make-error": {
      "version": "1.3.6",
      "resolved": "https://registry.npmjs.org/make-error/-/make-error-1.3.6.tgz",
      "integrity": "sha512-s8UhlNe7vPKomQhC1qFelMokr/Sc3AgNbso3n74mVPA5LTZwkB9NlXf4XPamLxJE8h0gh73rM94xvwRT2CVInw=="
    },
    "mimic-response": {
      "version": "1.0.1",
      "resolved": "https://registry.npmjs.org/mimic-response/-/mimic-response-1.0.1.tgz",
      "integrity": "sha512-j5EctnkH7amfV/q5Hgmoal1g2QHFJRraOtmx0JpIqkxhBhI/lJSl1nMpQ45hVarwNETOoWEimndZ4QK0RHxuxQ=="
    },
    "ms": {
      "version": "2.0.0",
      "resolved": "https://registry.npmjs.org/ms/-/ms-2.0.0.tgz",
      "integrity": "sha1-VgiurfwAvmwpAd9fmGF4jeDVl8g="
    },
    "nano-pubsub": {
      "version": "1.0.2",
      "resolved": "https://registry.npmjs.org/nano-pubsub/-/nano-pubsub-1.0.2.tgz",
      "integrity": "sha1-NM53b3r5WZFbj3rP6N1rnGbzvek="
    },
    "object-assign": {
      "version": "4.1.1",
      "resolved": "https://registry.npmjs.org/object-assign/-/object-assign-4.1.1.tgz",
      "integrity": "sha1-IQmtx5ZYh8/AXLvUQsrIv7s2CGM="
    },
    "original": {
      "version": "1.0.2",
      "resolved": "https://registry.npmjs.org/original/-/original-1.0.2.tgz",
      "integrity": "sha512-hyBVl6iqqUOJ8FqRe+l/gS8H+kKYjrEndd5Pm1MfBtsEKA038HkkdbAl/72EAXGyonD/PFsvmVG+EvcIpliMBg==",
      "requires": {
        "url-parse": "^1.4.3"
      }
    },
    "p-is-promise": {
      "version": "1.1.0",
      "resolved": "https://registry.npmjs.org/p-is-promise/-/p-is-promise-1.1.0.tgz",
      "integrity": "sha1-nJRWmJ6fZYgBewQ01WCXZ1w9oF4="
    },
    "parse-headers": {
      "version": "2.0.3",
      "resolved": "https://registry.npmjs.org/parse-headers/-/parse-headers-2.0.3.tgz",
      "integrity": "sha512-QhhZ+DCCit2Coi2vmAKbq5RGTRcQUOE2+REgv8vdyu7MnYx2eZztegqtTx99TZ86GTIwqiy3+4nQTWZ2tgmdCA=="
    },
    "pretty-format": {
      "version": "25.5.0",
      "resolved": "https://registry.npmjs.org/pretty-format/-/pretty-format-25.5.0.tgz",
      "integrity": "sha512-kbo/kq2LQ/A/is0PQwsEHM7Ca6//bGPPvU6UnsdDRSKTWxT/ru/xb88v4BJf6a69H+uTytOEsTusT9ksd/1iWQ==",
      "dev": true,
      "requires": {
        "@jest/types": "^25.5.0",
        "ansi-regex": "^5.0.0",
        "ansi-styles": "^4.0.0",
        "react-is": "^16.12.0"
      }
    },
    "process-nextick-args": {
      "version": "2.0.1",
      "resolved": "https://registry.npmjs.org/process-nextick-args/-/process-nextick-args-2.0.1.tgz",
      "integrity": "sha512-3ouUOpQhtgrbOa17J7+uxOTpITYWaGP7/AhoR3+A+/1e9skrzelGi/dXzEYyvbxubEF6Wn2ypscTKiKJFFn1ag=="
    },
    "progress-stream": {
      "version": "2.0.0",
      "resolved": "https://registry.npmjs.org/progress-stream/-/progress-stream-2.0.0.tgz",
      "integrity": "sha1-+sY6Cz0R3qy7CWmrzJOyFLzhntU=",
      "requires": {
        "speedometer": "~1.0.0",
        "through2": "~2.0.3"
      }
    },
    "querystringify": {
      "version": "2.2.0",
      "resolved": "https://registry.npmjs.org/querystringify/-/querystringify-2.2.0.tgz",
      "integrity": "sha512-FIqgj2EUvTa7R50u0rGsyTftzjYmv/a3hO345bZNrqabNqjtgiDMgmo4mkUjd+nzU5oF3dClKqFIPUKybUyqoQ=="
    },
    "react-is": {
      "version": "16.13.1",
      "resolved": "https://registry.npmjs.org/react-is/-/react-is-16.13.1.tgz",
      "integrity": "sha512-24e6ynE2H+OKt4kqsOvNd8kBpV65zoxbA4BVsEOB3ARVWQki/DHzaUoC5KuON/BiccDaCCTZBuOcfZs70kR8bQ==",
      "dev": true
    },
    "readable-stream": {
      "version": "2.3.7",
      "resolved": "https://registry.npmjs.org/readable-stream/-/readable-stream-2.3.7.tgz",
      "integrity": "sha512-Ebho8K4jIbHAxnuxi7o42OrZgF/ZTNcsZj6nRKyUmkhLFq8CHItp/fy6hQZuZmP/n3yZ9VBUbp4zz/mX8hmYPw==",
      "requires": {
        "core-util-is": "~1.0.0",
        "inherits": "~2.0.3",
        "isarray": "~1.0.0",
        "process-nextick-args": "~2.0.0",
        "safe-buffer": "~5.1.1",
        "string_decoder": "~1.1.1",
        "util-deprecate": "~1.0.1"
      }
    },
    "requires-port": {
      "version": "1.0.0",
      "resolved": "https://registry.npmjs.org/requires-port/-/requires-port-1.0.0.tgz",
      "integrity": "sha1-kl0mAdOaxIXgkc8NpcbmlNw9yv8="
    },
    "rxjs": {
      "version": "6.6.3",
      "resolved": "https://registry.npmjs.org/rxjs/-/rxjs-6.6.3.tgz",
      "integrity": "sha512-trsQc+xYYXZ3urjOiJOuCOa5N3jAZ3eiSpQB5hIT8zGlL2QfnHLJ2r7GMkBGuIausdJN1OneaI6gQlsqNHHmZQ==",
      "requires": {
        "tslib": "^1.9.0"
      },
      "dependencies": {
        "tslib": {
          "version": "1.14.0",
          "resolved": "https://registry.npmjs.org/tslib/-/tslib-1.14.0.tgz",
          "integrity": "sha512-+Zw5lu0D9tvBMjGP8LpvMb0u2WW2QV3y+D8mO6J+cNzCYIN4sVy43Bf9vl92nqFahutN0I8zHa7cc4vihIshnw=="
        }
      }
    },
    "safe-buffer": {
      "version": "5.1.2",
      "resolved": "https://registry.npmjs.org/safe-buffer/-/safe-buffer-5.1.2.tgz",
      "integrity": "sha512-Gd2UZBJDkXlY7GbJxfsE8/nvKkUEU1G38c1siN6QP6a9PT9MmHB8GnpscSmMJSoF8LOIrt8ud/wPtojys4G6+g=="
    },
    "same-origin": {
      "version": "0.1.1",
      "resolved": "https://registry.npmjs.org/same-origin/-/same-origin-0.1.1.tgz",
      "integrity": "sha1-wih9MZJXffUXrLvW0UUanDw5FPU="
    },
    "simple-concat": {
      "version": "1.0.1",
      "resolved": "https://registry.npmjs.org/simple-concat/-/simple-concat-1.0.1.tgz",
      "integrity": "sha512-cSFtAPtRhljv69IK0hTVZQ+OfE9nePi/rtJmw5UjHeVyVroEqJXP1sFztKUy1qU+xvz3u/sfYJLa947b7nAN2Q=="
    },
    "speedometer": {
      "version": "1.0.0",
      "resolved": "https://registry.npmjs.org/speedometer/-/speedometer-1.0.0.tgz",
      "integrity": "sha1-zWccsGdSwivKM3Di8zREC+T8YuI="
    },
    "stopword": {
      "version": "1.0.3",
      "resolved": "https://registry.npmjs.org/stopword/-/stopword-1.0.3.tgz",
      "integrity": "sha512-rkoAluafz+D0GmzGekXBnHmdZ5VeiqeloLBfoclrshdmuQpf5XgvIr+lJPftg3mH54Cc0LHHZIaJvA5Cj0E5jA=="
    },
    "string_decoder": {
      "version": "1.1.1",
      "resolved": "https://registry.npmjs.org/string_decoder/-/string_decoder-1.1.1.tgz",
      "integrity": "sha512-n/ShnvDi6FHbbVfviro+WojiFzv+s8MPMHBczVePfUpDJLwoLT0ht1l4YwBCbi8pJAveEEdnkHyPyTP/mzRfwg==",
      "requires": {
        "safe-buffer": "~5.1.0"
      }
    },
    "supports-color": {
      "version": "7.2.0",
      "resolved": "https://registry.npmjs.org/supports-color/-/supports-color-7.2.0.tgz",
      "integrity": "sha512-qpCAvRl9stuOHveKsn7HncJRvv501qIacKzQlO/+Lwxc9+0q2wLyv4Dfvt80/DPn2pqOBsJdDiogXGR9+OvwRw==",
      "dev": true,
      "requires": {
        "has-flag": "^4.0.0"
      }
    },
    "through2": {
      "version": "2.0.5",
      "resolved": "https://registry.npmjs.org/through2/-/through2-2.0.5.tgz",
      "integrity": "sha512-/mrRod8xqpA+IHSLyGCQ2s8SPHiCDEeQJSep1jqLYeEUClOFG2Qsh+4FU6G9VeqpZnGW/Su8LQGc4YKni5rYSQ==",
      "requires": {
        "readable-stream": "~2.3.6",
        "xtend": "~4.0.1"
      }
    },
    "tslib": {
      "version": "2.0.2",
      "resolved": "https://registry.npmjs.org/tslib/-/tslib-2.0.2.tgz",
      "integrity": "sha512-wAH28hcEKwna96/UacuWaVspVLkg4x1aDM9JlzqaQTOFczCktkVAb5fmXChgandR1EraDPs2w8P+ozM+oafwxg==",
      "dev": true
    },
    "tunnel-agent": {
      "version": "0.6.0",
      "resolved": "https://registry.npmjs.org/tunnel-agent/-/tunnel-agent-0.6.0.tgz",
      "integrity": "sha1-J6XeoGs2sEoKmWZ3SykIaPD8QP0=",
      "requires": {
        "safe-buffer": "^5.0.1"
      }
    },
    "url-parse": {
      "version": "1.4.7",
      "resolved": "https://registry.npmjs.org/url-parse/-/url-parse-1.4.7.tgz",
      "integrity": "sha512-d3uaVyzDB9tQoSXFvuSUNFibTd9zxd2bkVrDRvF5TmvWWQwqE4lgYJ5m+x1DbecWkw+LK4RNl2CU1hHuOKPVlg==",
      "requires": {
        "querystringify": "^2.1.1",
        "requires-port": "^1.0.0"
      }
    },
    "util-deprecate": {
      "version": "1.0.2",
      "resolved": "https://registry.npmjs.org/util-deprecate/-/util-deprecate-1.0.2.tgz",
      "integrity": "sha1-RQ1Nyfpw3nMnYvvS1KKJgUGaDM8="
    },
    "xtend": {
      "version": "4.0.2",
      "resolved": "https://registry.npmjs.org/xtend/-/xtend-4.0.2.tgz",
      "integrity": "sha512-LKYU1iAXJXUgAXn9URjiu+MWhyUXHsvfp7mcuYm9dSUKK0/CjtrUwFAxD82/mCWbtLsGjFIad0wIsod4zrTAEQ=="
    }
  }
}
